
Microsoft Visual Studio Solution File, Format Version 12.00
# Visual Studio Version 17
VisualStudioVersion = 17.14.36717.8
MinimumVisualStudioVersion = 10.0.40219.1
Project("{FAE04EC0-301F-11D3-BF4B-00C04F79EFBC}") = "Project_RentAFriend", "Project_RentAFriend\Project_RentAFriend.csproj", "{771489E2-2986-4E8A-B375-1D2E8F459E73}"
EndProject
Project("{FAE04EC0-301F-11D3-BF4B-00C04F79EFBC}") = "RentAFriendApp", "RentAFriendApp\RentAFriendApp.csproj", "{796C8779-A6E3-4EEB-8B32-EFCDFA668E6C}"
	ProjectSection(ProjectDependencies) = postProject
		{771489E2-2986-4E8A-B375-1D2E8F459E73} = {771489E2-2986-4E8A-B375-1D2E8F459E73}
	EndProjectSection
EndProject
Global
	GlobalSection(SolutionConfigurationPlatforms) = preSolution
		Debug|Any CPU = Debug|Any CPU
		Release|Any CPU = Release|Any CPU
	EndGlobalSection
	GlobalSection(ProjectConfigurationPlatforms) = postSolution
		{771489E2-2986-4E8A-B375-1D2E8F459E73}.Debug|Any CPU.ActiveCfg = Debug|Any CPU
		{771489E2-2986-4E8A-B375-1D2E8F459E73}.Debug|Any CPU.Build.0 = Debug|Any CPU
		{771489E2-2986-4E8A-B375-1D2E8F459E73}.Release|Any CPU.ActiveCfg = Release|Any CPU
		{771489E2-2986-4E8A-B375-1D2E8F459E73}.Release|Any CPU.Build.0 = Release|Any CPU
		{796C8779-A6E3-4EEB-8B32-EFCDFA668E6C}.Debug|Any CPU.ActiveCfg = Debug|Any CPU
		{796C8779-A6E3-4EEB-8B32-EFCDFA668E6C}.Debug|Any CPU.Build.0 = Debug|Any CPU
		{796C8779-A6E3-4EEB-8B32-EFCDFA668E6C}.Release|Any CPU.ActiveCfg = Release|Any CPU
		{796C8779-A6E3-4EEB-8B32-EFCDFA668E6C}.Release|Any CPU.Build.0 = Release|Any CPU
	EndGlobalSection
	GlobalSection(SolutionProperties) = preSolution
		HideSolutionNode = FALSE
	EndGlobalSection
	GlobalSection(ExtensibilityGlobals) = postSolution
		SolutionGuid = {BF207BA8-BCBF-4DD1-948B-074E3AA65A9B}
	EndGlobalSection
EndGlobal
